// !$*UTF8*$!
{
	archiveVersion = 1;
	classes = {
	};
	objectVersion = 50;
	objects = {

/* Begin PBXBuildFile section */
		D52801D3237CA1220094AC1E /* AppDelegate.swift in Sources */ = {isa = PBXBuildFile; fileRef = D52801D2237CA1220094AC1E /* AppDelegate.swift */; };
		D52801D5237CA1220094AC1E /* SceneDelegate.swift in Sources */ = {isa = PBXBuildFile; fileRef = D52801D4237CA1220094AC1E /* SceneDelegate.swift */; };
		D52801DA237CA1220094AC1E /* Main.storyboard in Resources */ = {isa = PBXBuildFile; fileRef = D52801D8237CA1220094AC1E /* Main.storyboard */; };
		D52801DC237CA1230094AC1E /* Assets.xcassets in Resources */ = {isa = PBXBuildFile; fileRef = D52801DB237CA1230094AC1E /* Assets.xcassets */; };
		D52801DF237CA1230094AC1E /* LaunchScreen.storyboard in Resources */ = {isa = PBXBuildFile; fileRef = D52801DD237CA1230094AC1E /* LaunchScreen.storyboard */; };
		D52801E8237CA5190094AC1E /* TimeCircuitsViewController.swift in Sources */ = {isa = PBXBuildFile; fileRef = D52801E7237CA5190094AC1E /* TimeCircuitsViewController.swift */; };
		D52801EA237CA5340094AC1E /* DatePickerViewController.swift in Sources */ = {isa = PBXBuildFile; fileRef = D52801E9237CA5340094AC1E /* DatePickerViewController.swift */; };
/* End PBXBuildFile section */

/* Begin PBXFileReference section */
		D52801CF237CA1220094AC1E /* OutaTime.app */ = {isa = PBXFileReference; explicitFileType = wrapper.application; includeInIndex = 0; path = OutaTime.app; sourceTree = BUILT_PRODUCTS_DIR; };
		D52801D2237CA1220094AC1E /* AppDelegate.swift */ = {isa = PBXFileReference; lastKnownFileType = sourcecode.swift; path = AppDelegate.swift; sourceTree = "<group>"; };
		D52801D4237CA1220094AC1E /* SceneDelegate.swift */ = {isa = PBXFileReference; lastKnownFileType = sourcecode.swift; path = SceneDelegate.swift; sourceTree = "<group>"; };
		D52801D9237CA1220094AC1E /* Base */ = {isa = PBXFileReference; lastKnownFileType = file.storyboard; name = Base; path = Base.lproj/Main.storyboard; sourceTree = "<group>"; };
		D52801DB237CA1230094AC1E /* Assets.xcassets */ = {isa = PBXFileReference; lastKnownFileType = folder.assetcatalog; path = Assets.xcassets; sourceTree = "<group>"; };
		D52801DE237CA1230094AC1E /* Base */ = {isa = PBXFileReference; lastKnownFileType = file.storyboard; name = Base; path = Base.lproj/LaunchScreen.storyboard; sourceTree = "<group>"; };
		D52801E0237CA1230094AC1E /* Info.plist */ = {isa = PBXFileReference; lastKnownFileType = text.plist.xml; path = Info.plist; sourceTree = "<group>"; };
		D52801E7237CA5190094AC1E /* TimeCircuitsViewController.swift */ = {isa = PBXFileReference; lastKnownFileType = sourcecode.swift; path = TimeCircuitsViewController.swift; sourceTree = "<group>"; };
		D52801E9237CA5340094AC1E /* DatePickerViewController.swift */ = {isa = PBXFileReference; lastKnownFileType = sourcecode.swift; path = DatePickerViewController.swift; sourceTree = "<group>"; };
/* End PBXFileReference section */

/* Begin PBXFrameworksBuildPhase section */
		D52801CC237CA1220094AC1E /* Frameworks */ = {
			isa = PBXFrameworksBuildPhase;
			buildActionMask = 2147483647;
			files = (
			);
			runOnlyForDeploymentPostprocessing = 0;
		};
/* End PBXFrameworksBuildPhase section */

/* Begin PBXGroup section */
		D52801C6237CA1220094AC1E = {
			isa = PBXGroup;
			children = (
				D52801DB237CA1230094AC1E /* Assets.xcassets */,
				D52801D1237CA1220094AC1E /* OutaTime */,
				D52801D0237CA1220094AC1E /* Products */,
			);
			sourceTree = "<group>";
		};
		D52801D0237CA1220094AC1E /* Products */ = {
			isa = PBXGroup;
			children = (
				D52801CF237CA1220094AC1E /* OutaTime.app */,
			);
			name = Products;
			sourceTree = "<group>";
		};
		D52801D1237CA1220094AC1E /* OutaTime */ = {
			isa = PBXGroup;
			children = (
				D52801D8237CA1220094AC1E /* Main.storyboard */,
				D52801E7237CA5190094AC1E /* TimeCircuitsViewController.swift */,
				D52801E9237CA5340094AC1E /* DatePickerViewController.swift */,
				D52801E6237CA4BD0094AC1E /* Resources */,
				D52801E0237CA1230094AC1E /* Info.plist */,
			);
			path = OutaTime;
			sourceTree = "<group>";
		};
		D52801E6237CA4BD0094AC1E /* Resources */ = {
			isa = PBXGroup;
			children = (
				D52801D2237CA1220094AC1E /* AppDelegate.swift */,
				D52801D4237CA1220094AC1E /* SceneDelegate.swift */,
				D52801DD237CA1230094AC1E /* LaunchScreen.storyboard */,
			);
			path = Resources;
			sourceTree = "<group>";
		};
/* End PBXGroup section */

/* Begin PBXNativeTarget section */
		D52801CE237CA1220094AC1E /* OutaTime */ = {
			isa = PBXNativeTarget;
			buildConfigurationList = D52801E3237CA1230094AC1E /* Build configuration list for PBXNativeTarget "OutaTime" */;
			buildPhases = (
				D52801CB237CA1220094AC1E /* Sources */,
				D52801CC237CA1220094AC1E /* Frameworks */,
				D52801CD237CA1220094AC1E /* Resources */,
			);
			buildRules = (
			);
			dependencies = (
			);
			name = OutaTime;
			productName = OutaTime;
			productReference = D52801CF237CA1220094AC1E /* OutaTime.app */;
			productType = "com.apple.product-type.application";
		};
/* End PBXNativeTarget section */

/* Begin PBXProject section */
		D52801C7237CA1220094AC1E /* Project object */ = {
			isa = PBXProject;
			attributes = {
				LastSwiftUpdateCheck = 1120;
				LastUpgradeCheck = 1120;
				ORGANIZATIONNAME = "Zack Larsen";
				TargetAttributes = {
					D52801CE237CA1220094AC1E = {
						CreatedOnToolsVersion = 11.2.1;
					};
				};
			};
			buildConfigurationList = D52801CA237CA1220094AC1E /* Build configuration list for PBXProject "OutaTime" */;
			compatibilityVersion = "Xcode 9.3";
			developmentRegion = en;
			hasScannedForEncodings = 0;
			knownRegions = (
				en,
				Base,
			);
			mainGroup = D52801C6237CA1220094AC1E;
			productRefGroup = D52801D0237CA1220094AC1E /* Products */;
			projectDirPath = "";
			projectRoot = "";
			targets = (
				D52801CE237CA1220094AC1E /* OutaTime */,
			);
		};
/* End PBXProject section */

/* Begin PBXResourcesBuildPhase section */
		D52801CD237CA1220094AC1E /* Resources */ = {
			isa = PBXResourcesBuildPhase;
			buildActionMask = 2147483647;
			files = (
				D52801DF237CA1230094AC1E /* LaunchScreen.storyboard in Resources */,
				D52801DC237CA1230094AC1E /* Assets.xcassets in Resources */,
				D52801DA237CA1220094AC1E /* Main.storyboard in Resources */,
			);
			runOnlyForDeploymentPostprocessing = 0;
		};
/* End PBXResourcesBuildPhase section */

/* Begin PBXSourcesBuildPhase section */
		D52801CB237CA1220094AC1E /* Sources */ = {
			isa = PBXSourcesBuildPhase;
			buildActionMask = 2147483647;
			files = (
				D52801EA237CA5340094AC1E /* DatePickerViewController.swift in Sources */,
				D52801E8237CA5190094AC1E /* TimeCircuitsViewController.swift in Sources */,
				D52801D3237CA1220094AC1E /* AppDelegate.swift in Sources */,
				D52801D5237CA1220094AC1E /* SceneDelegate.swift in Sources */,
			);
			runOnlyForDeploymentPostprocessing = 0;
		};
/* End PBXSourcesBuildPhase section */

/* Begin PBXVariantGroup section */
		D52801D8237CA1220094AC1E /* Main.storyboard */ = {
			isa = PBXVariantGroup;
			children = (
				D52801D9237CA1220094AC1E /* Base */,
			);
			name = Main.storyboard;
			sourceTree = "<group>";
		};
		D52801DD237CA1230094AC1E /* LaunchScreen.storyboard */ = {
			isa = PBXVariantGroup;
			children = (
				D52801DE237CA1230094AC1E /* Base */,
			);
			name = LaunchScreen.storyboard;
			sourceTree = "<group>";
		};
/* End PBXVariantGroup section */

/* Begin XCBuildConfiguration section */
		D52801E1237CA1230094AC1E /* Debug */ = {
			isa = XCBuildConfiguration;
			buildSettings = {
				ALWAYS_SEARCH_USER_PATHS = NO;
				CLANG_ANALYZER_NONNULL = YES;
				CLANG_ANALYZER_NUMBER_OBJECT_CONVERSION = YES_AGGRESSIVE;
				CLANG_CXX_LANGUAGE_STANDARD = "gnu++14";
				CLANG_CXX_LIBRARY = "libc++";
				CLANG_ENABLE_MODULES = YES;
				CLANG_ENABLE_OBJC_ARC = YES;
				CLANG_ENABLE_OBJC_WEAK = YES;
				CLANG_WARN_BLOCK_CAPTURE_AUTORELEASING = YES;
				CLANG_WARN_BOOL_CONVERSION = YES;
				CLANG_WARN_COMMA = YES;
				CLANG_WARN_CONSTANT_CONVERSION = YES;
				CLANG_WARN_DEPRECATED_OBJC_IMPLEMENTATIONS = YES;
				CLANG_WARN_DIRECT_OBJC_ISA_USAGE = YES_ERROR;
				CLANG_WARN_DOCUMENTATION_COMMENTS = YES;
				CLANG_WARN_EMPTY_BODY = YES;
				CLANG_WARN_ENUM_CONVERSION = YES;
				CLANG_WARN_INFINITE_RECURSION = YES;
				CLANG_WARN_INT_CONVERSION = YES;
				CLANG_WARN_NON_LITERAL_NULL_CONVERSION = YES;
				CLANG_WARN_OBJC_IMPLICIT_RETAIN_SELF = YES;
				CLANG_WARN_OBJC_LITERAL_CONVERSION = YES;
				CLANG_WARN_OBJC_ROOT_CLASS = YES_ERROR;
				CLANG_WARN_RANGE_LOOP_ANALYSIS = YES;
				CLANG_WARN_STRICT_PROTOTYPES = YES;
				CLANG_WARN_SUSPICIOUS_MOVE = YES;
				CLANG_WARN_UNGUARDED_AVAILABILITY = YES_AGGRESSIVE;
				CLANG_WARN_UNREACHABLE_CODE = YES;
				CLANG_WARN__DUPLICATE_METHOD_MATCH = YES;
				COPY_PHASE_STRIP = NO;
				DEBUG_INFORMATION_FORMAT = dwarf;
				ENABLE_STRICT_OBJC_MSGSEND = YES;
				ENABLE_TESTABILITY = YES;
				GCC_C_LANGUAGE_STANDARD = gnu11;
				GCC_DYNAMIC_NO_PIC = NO;
				GCC_NO_COMMON_BLOCKS = YES;
				GCC_OPTIMIZATION_LEVEL = 0;
				GCC_PREPROCESSOR_DEFINITIONS = (
					"DEBUG=1",
					"$(inherited)",
				);
				GCC_WARN_64_TO_32_BIT_CONVERSION = YES;
				GCC_WARN_ABOUT_RETURN_TYPE = YES_ERROR;
				GCC_WARN_UNDECLARED_SELECTOR = YES;
				GCC_WARN_UNINITIALIZED_AUTOS = YES_AGGRESSIVE;
				GCC_WARN_UNUSED_FUNCTION = YES;
				GCC_WARN_UNUSED_VARIABLE = YES;
				IPHONEOS_DEPLOYMENT_TARGET = 13.2;
				MTL_ENABLE_DEBUG_INFO = INCLUDE_SOURCE;
				MTL_FAST_MATH = YES;
				ONLY_ACTIVE_ARCH = YES;
				SDKROOT = iphoneos;
				SWIFT_ACTIVE_COMPILATION_CONDITIONS = DEBUG;
				SWIFT_OPTIMIZATION_LEVEL = "-Onone";
			};
			name = Debug;
		};
		D52801E2237CA1230094AC1E /* Release */ = {
			isa = XCBuildConfiguration;
			buildSettings = {
				ALWAYS_SEARCH_USER_PATHS = NO;
				CLANG_ANALYZER_NONNULL = YES;
				CLANG_ANALYZER_NUMBER_OBJECT_CONVERSION = YES_AGGRESSIVE;
				CLANG_CXX_LANGUAGE_STANDARD = "gnu++14";
				CLANG_CXX_LIBRARY = "libc++";
				CLANG_ENABLE_MODULES = YES;
				CLANG_ENABLE_OBJC_ARC = YES;
				CLANG_ENABLE_OBJC_WEAK = YES;
				CLANG_WARN_BLOCK_CAPTURE_AUTORELEASING = YES;
				CLANG_WARN_BOOL_CONVERSION = YES;
				CLANG_WARN_COMMA = YES;
				CLANG_WARN_CONSTANT_CONVERSION = YES;
				CLANG_WARN_DEPRECATED_OBJC_IMPLEMENTATIONS = YES;
				CLANG_WARN_DIRECT_OBJC_ISA_USAGE = YES_ERROR;
				CLANG_WARN_DOCUMENTATION_COMMENTS = YES;
				CLANG_WARN_EMPTY_BODY = YES;
				CLANG_WARN_ENUM_CONVERSION = YES;
				CLANG_WARN_INFINITE_RECURSION = YES;
				CLANG_WARN_INT_CONVERSION = YES;
				CLANG_WARN_NON_LITERAL_NULL_CONVERSION = YES;
				CLANG_WARN_OBJC_IMPLICIT_RETAIN_SELF = YES;
				CLANG_WARN_OBJC_LITERAL_CONVERSION = YES;
				CLANG_WARN_OBJC_ROOT_CLASS = YES_ERROR;
				CLANG_WARN_RANGE_LOOP_ANALYSIS = YES;
				CLANG_WARN_STRICT_PROTOTYPES = YES;
				CLANG_WARN_SUSPICIOUS_MOVE = YES;
				CLANG_WARN_UNGUARDED_AVAILABILITY = YES_AGGRESSIVE;
				CLANG_WARN_UNREACHABLE_CODE = YES;
				CLANG_WARN__DUPLICATE_METHOD_MATCH = YES;
				COPY_PHASE_STRIP = NO;
				DEBUG_INFORMATION_FORMAT = "dwarf-with-dsym";
				ENABLE_NS_ASSERTIONS = NO;
				ENABLE_STRICT_OBJC_MSGSEND = YES;
				GCC_C_LANGUAGE_STANDARD = gnu11;
				GCC_NO_COMMON_BLOCKS = YES;
				GCC_WARN_64_TO_32_BIT_CONVERSION = YES;
				GCC_WARN_ABOUT_RETURN_TYPE = YES_ERROR;
				GCC_WARN_UNDECLARED_SELECTOR = YES;
				GCC_WARN_UNINITIALIZED_AUTOS = YES_AGGRESSIVE;
				GCC_WARN_UNUSED_FUNCTION = YES;
				GCC_WARN_UNUSED_VARIABLE = YES;
				IPHONEOS_DEPLOYMENT_TARGET = 13.2;
				MTL_ENABLE_DEBUG_INFO = NO;
				MTL_FAST_MATH = YES;
				SDKROOT = iphoneos;
				SWIFT_COMPILATION_MODE = wholemodule;
				SWIFT_OPTIMIZATION_LEVEL = "-O";
				VALIDATE_PRODUCT = YES;
			};
			name = Release;
		};
		D52801E4237CA1230094AC1E /* Debug */ = {
			isa = XCBuildConfiguration;
			buildSettings = {
				ASSETCATALOG_COMPILER_APPICON_NAME = AppIcon;
				CODE_SIGN_STYLE = Automatic;
				INFOPLIST_FILE = OutaTime/Info.plist;
				LD_RUNPATH_SEARCH_PATHS = (
					"$(inherited)",
					"@executable_path/Frameworks",
				);
				PRODUCT_BUNDLE_IDENTIFIER = zlarsen.OutaTime;
				PRODUCT_NAME = "$(TARGET_NAME)";
				SWIFT_VERSION = 5.0;
				TARGETED_DEVICE_FAMILY = "1,2";
			};
			name = Debug;
		};
		D52801E5237CA1230094AC1E /* Release */ = {
			isa = XCBuildConfiguration;
			buildSettings = {
				ASSETCATALOG_COMPILER_APPICON_NAME = AppIcon;
				CODE_SIGN_STYLE = Automatic;
				INFOPLIST_FILE = OutaTime/Info.plist;
				LD_RUNPATH_SEARCH_PATHS = (
					"$(inherited)",
					"@executable_path/Frameworks",
				);
				PRODUCT_BUNDLE_IDENTIFIER = zlarsen.OutaTime;
				PRODUCT_NAME = "$(TARGET_NAME)";
				SWIFT_VERSION = 5.0;
				TARGETED_DEVICE_FAMILY = "1,2";
			};
			name = Release;
		};
/* End XCBuildConfiguration section */

/* Begin XCConfigurationList section */
		D52801CA237CA1220094AC1E /* Build configuration list for PBXProject "OutaTime" */ = {
			isa = XCConfigurationList;
			buildConfigurations = (
				D52801E1237CA1230094AC1E /* Debug */,
				D52801E2237CA1230094AC1E /* Release */,
			);
			defaultConfigurationIsVisible = 0;
			defaultConfigurationName = Release;
		};
		D52801E3237CA1230094AC1E /* Build configuration list for PBXNativeTarget "OutaTime" */ = {
			isa = XCConfigurationList;
			buildConfigurations = (
				D52801E4237CA1230094AC1E /* Debug */,
				D52801E5237CA1230094AC1E /* Release */,
			);
			defaultConfigurationIsVisible = 0;
			defaultConfigurationName = Release;
		};
/* End XCConfigurationList section */
	};
	rootObject = D52801C7237CA1220094AC1E /* Project object */;
}
